// !$*UTF8*$!
{
	archiveVersion = 1;
	classes = {
	};
	objectVersion = 56;
	objects = {

/* Begin PBXBuildFile section */
		5AF78F8929CB619D0050B4FA /* ContentView.swift in Sources */ = {isa = PBXBuildFile; fileRef = 5AF78F8829CB619D0050B4FA /* ContentView.swift */; };
		5AF78F8B29CB619E0050B4FA /* Assets.xcassets in Resources */ = {isa = PBXBuildFile; fileRef = 5AF78F8A29CB619E0050B4FA /* Assets.xcassets */; };
		5AF78F8F29CB619E0050B4FA /* Preview Assets.xcassets in Resources */ = {isa = PBXBuildFile; fileRef = 5AF78F8E29CB619E0050B4FA /* Preview Assets.xcassets */; };
		5AF78F9929CB619F0050B4FA /* habitsTests.swift in Sources */ = {isa = PBXBuildFile; fileRef = 5AF78F9829CB619F0050B4FA /* habitsTests.swift */; };
		5AF78FA329CB619F0050B4FA /* habitsUITests.swift in Sources */ = {isa = PBXBuildFile; fileRef = 5AF78FA229CB619F0050B4FA /* habitsUITests.swift */; };
		5AF78FA529CB619F0050B4FA /* habitsUITestsLaunchTests.swift in Sources */ = {isa = PBXBuildFile; fileRef = 5AF78FA429CB619F0050B4FA /* habitsUITestsLaunchTests.swift */; };
		5AF78FEA29CBC1150050B4FA /* TabBarController.swift in Sources */ = {isa = PBXBuildFile; fileRef = 5AF78FE929CBC1150050B4FA /* TabBarController.swift */; };
		5AF78FEC29CBC18B0050B4FA /* HabitsApp.swift in Sources */ = {isa = PBXBuildFile; fileRef = 5AF78FEB29CBC18B0050B4FA /* HabitsApp.swift */; };
		5AF78FEE29CBC26B0050B4FA /* CalendarView.swift in Sources */ = {isa = PBXBuildFile; fileRef = 5AF78FED29CBC26B0050B4FA /* CalendarView.swift */; };
		5AF78FF029CC9E440050B4FA /* HabitsData.swift in Sources */ = {isa = PBXBuildFile; fileRef = 5AF78FEF29CC9E440050B4FA /* HabitsData.swift */; };
/* End PBXBuildFile section */

/* Begin PBXContainerItemProxy section */
		5AF78F9529CB619F0050B4FA /* PBXContainerItemProxy */ = {
			isa = PBXContainerItemProxy;
			containerPortal = 5AF78F7B29CB619D0050B4FA /* Project object */;
			proxyType = 1;
			remoteGlobalIDString = 5AF78F8229CB619D0050B4FA;
			remoteInfo = habits;
		};
		5AF78F9F29CB619F0050B4FA /* PBXContainerItemProxy */ = {
			isa = PBXContainerItemProxy;
			containerPortal = 5AF78F7B29CB619D0050B4FA /* Project object */;
			proxyType = 1;
			remoteGlobalIDString = 5AF78F8229CB619D0050B4FA;
			remoteInfo = habits;
		};
/* End PBXContainerItemProxy section */

/* Begin PBXFileReference section */
		5AF78F8329CB619D0050B4FA /* habits.app */ = {isa = PBXFileReference; explicitFileType = wrapper.application; includeInIndex = 0; path = habits.app; sourceTree = BUILT_PRODUCTS_DIR; };
		5AF78F8829CB619D0050B4FA /* ContentView.swift */ = {isa = PBXFileReference; lastKnownFileType = sourcecode.swift; path = ContentView.swift; sourceTree = "<group>"; };
		5AF78F8A29CB619E0050B4FA /* Assets.xcassets */ = {isa = PBXFileReference; lastKnownFileType = folder.assetcatalog; path = Assets.xcassets; sourceTree = "<group>"; };
		5AF78F8C29CB619E0050B4FA /* habits.entitlements */ = {isa = PBXFileReference; lastKnownFileType = text.plist.entitlements; path = habits.entitlements; sourceTree = "<group>"; };
		5AF78F8E29CB619E0050B4FA /* Preview Assets.xcassets */ = {isa = PBXFileReference; lastKnownFileType = folder.assetcatalog; path = "Preview Assets.xcassets"; sourceTree = "<group>"; };
		5AF78F9429CB619F0050B4FA /* habitsTests.xctest */ = {isa = PBXFileReference; explicitFileType = wrapper.cfbundle; includeInIndex = 0; path = habitsTests.xctest; sourceTree = BUILT_PRODUCTS_DIR; };
		5AF78F9829CB619F0050B4FA /* habitsTests.swift */ = {isa = PBXFileReference; lastKnownFileType = sourcecode.swift; path = habitsTests.swift; sourceTree = "<group>"; };
		5AF78F9E29CB619F0050B4FA /* habitsUITests.xctest */ = {isa = PBXFileReference; explicitFileType = wrapper.cfbundle; includeInIndex = 0; path = habitsUITests.xctest; sourceTree = BUILT_PRODUCTS_DIR; };
		5AF78FA229CB619F0050B4FA /* habitsUITests.swift */ = {isa = PBXFileReference; lastKnownFileType = sourcecode.swift; path = habitsUITests.swift; sourceTree = "<group>"; };
		5AF78FA429CB619F0050B4FA /* habitsUITestsLaunchTests.swift */ = {isa = PBXFileReference; lastKnownFileType = sourcecode.swift; path = habitsUITestsLaunchTests.swift; sourceTree = "<group>"; };
		5AF78FE929CBC1150050B4FA /* TabBarController.swift */ = {isa = PBXFileReference; lastKnownFileType = sourcecode.swift; path = TabBarController.swift; sourceTree = "<group>"; };
		5AF78FEB29CBC18B0050B4FA /* HabitsApp.swift */ = {isa = PBXFileReference; lastKnownFileType = sourcecode.swift; path = HabitsApp.swift; sourceTree = "<group>"; };
		5AF78FED29CBC26B0050B4FA /* CalendarView.swift */ = {isa = PBXFileReference; lastKnownFileType = sourcecode.swift; path = CalendarView.swift; sourceTree = "<group>"; };
		5AF78FEF29CC9E440050B4FA /* HabitsData.swift */ = {isa = PBXFileReference; lastKnownFileType = sourcecode.swift; path = HabitsData.swift; sourceTree = "<group>"; };
/* End PBXFileReference section */

/* Begin PBXFrameworksBuildPhase section */
		5AF78F8029CB619D0050B4FA /* Frameworks */ = {
			isa = PBXFrameworksBuildPhase;
			buildActionMask = 2147483647;
			files = (
			);
			runOnlyForDeploymentPostprocessing = 0;
		};
		5AF78F9129CB619F0050B4FA /* Frameworks */ = {
			isa = PBXFrameworksBuildPhase;
			buildActionMask = 2147483647;
			files = (
			);
			runOnlyForDeploymentPostprocessing = 0;
		};
		5AF78F9B29CB619F0050B4FA /* Frameworks */ = {
			isa = PBXFrameworksBuildPhase;
			buildActionMask = 2147483647;
			files = (
			);
			runOnlyForDeploymentPostprocessing = 0;
		};
/* End PBXFrameworksBuildPhase section */

/* Begin PBXGroup section */
		5AF78F7A29CB619D0050B4FA = {
			isa = PBXGroup;
			children = (
				5AF78F8529CB619D0050B4FA /* habits */,
				5AF78F9729CB619F0050B4FA /* habitsTests */,
				5AF78FA129CB619F0050B4FA /* habitsUITests */,
				5AF78F8429CB619D0050B4FA /* Products */,
			);
			sourceTree = "<group>";
		};
		5AF78F8429CB619D0050B4FA /* Products */ = {
			isa = PBXGroup;
			children = (
				5AF78F8329CB619D0050B4FA /* habits.app */,
				5AF78F9429CB619F0050B4FA /* habitsTests.xctest */,
				5AF78F9E29CB619F0050B4FA /* habitsUITests.xctest */,
			);
			name = Products;
			sourceTree = "<group>";
		};
		5AF78F8529CB619D0050B4FA /* habits */ = {
			isa = PBXGroup;
			children = (
				5AF78FEF29CC9E440050B4FA /* HabitsData.swift */,
				5AF78FE929CBC1150050B4FA /* TabBarController.swift */,
				5AF78F8829CB619D0050B4FA /* ContentView.swift */,
				5AF78FEB29CBC18B0050B4FA /* HabitsApp.swift */,
				5AF78FED29CBC26B0050B4FA /* CalendarView.swift */,
				5AF78F8A29CB619E0050B4FA /* Assets.xcassets */,
				5AF78F8C29CB619E0050B4FA /* habits.entitlements */,
				5AF78F8D29CB619E0050B4FA /* Preview Content */,
			);
			path = habits;
			sourceTree = "<group>";
		};
		5AF78F8D29CB619E0050B4FA /* Preview Content */ = {
			isa = PBXGroup;
			children = (
				5AF78F8E29CB619E0050B4FA /* Preview Assets.xcassets */,
			);
			path = "Preview Content";
			sourceTree = "<group>";
		};
		5AF78F9729CB619F0050B4FA /* habitsTests */ = {
			isa = PBXGroup;
			children = (
				5AF78F9829CB619F0050B4FA /* habitsTests.swift */,
			);
			path = habitsTests;
			sourceTree = "<group>";
		};
		5AF78FA129CB619F0050B4FA /* habitsUITests */ = {
			isa = PBXGroup;
			children = (
				5AF78FA229CB619F0050B4FA /* habitsUITests.swift */,
				5AF78FA429CB619F0050B4FA /* habitsUITestsLaunchTests.swift */,
			);
			path = habitsUITests;
			sourceTree = "<group>";
		};
/* End PBXGroup section */

/* Begin PBXNativeTarget section */
		5AF78F8229CB619D0050B4FA /* habits */ = {
			isa = PBXNativeTarget;
			buildConfigurationList = 5AF78FA829CB619F0050B4FA /* Build configuration list for PBXNativeTarget "habits" */;
			buildPhases = (
				5AF78F7F29CB619D0050B4FA /* Sources */,
				5AF78F8029CB619D0050B4FA /* Frameworks */,
				5AF78F8129CB619D0050B4FA /* Resources */,
			);
			buildRules = (
			);
			dependencies = (
			);
			name = habits;
			productName = habits;
			productReference = 5AF78F8329CB619D0050B4FA /* habits.app */;
			productType = "com.apple.product-type.application";
		};
		5AF78F9329CB619F0050B4FA /* habitsTests */ = {
			isa = PBXNativeTarget;
			buildConfigurationList = 5AF78FAB29CB619F0050B4FA /* Build configuration list for PBXNativeTarget "habitsTests" */;
			buildPhases = (
				5AF78F9029CB619F0050B4FA /* Sources */,
				5AF78F9129CB619F0050B4FA /* Frameworks */,
				5AF78F9229CB619F0050B4FA /* Resources */,
			);
			buildRules = (
			);
			dependencies = (
				5AF78F9629CB619F0050B4FA /* PBXTargetDependency */,
			);
			name = habitsTests;
			productName = habitsTests;
			productReference = 5AF78F9429CB619F0050B4FA /* habitsTests.xctest */;
			productType = "com.apple.product-type.bundle.unit-test";
		};
		5AF78F9D29CB619F0050B4FA /* habitsUITests */ = {
			isa = PBXNativeTarget;
			buildConfigurationList = 5AF78FAE29CB619F0050B4FA /* Build configuration list for PBXNativeTarget "habitsUITests" */;
			buildPhases = (
				5AF78F9A29CB619F0050B4FA /* Sources */,
				5AF78F9B29CB619F0050B4FA /* Frameworks */,
				5AF78F9C29CB619F0050B4FA /* Resources */,
			);
			buildRules = (
			);
			dependencies = (
				5AF78FA029CB619F0050B4FA /* PBXTargetDependency */,
			);
			name = habitsUITests;
			productName = habitsUITests;
			productReference = 5AF78F9E29CB619F0050B4FA /* habitsUITests.xctest */;
			productType = "com.apple.product-type.bundle.ui-testing";
		};
/* End PBXNativeTarget section */

/* Begin PBXProject section */
		5AF78F7B29CB619D0050B4FA /* Project object */ = {
			isa = PBXProject;
			attributes = {
				BuildIndependentTargetsInParallel = 1;
				LastSwiftUpdateCheck = 1410;
				LastUpgradeCheck = 1410;
				TargetAttributes = {
					5AF78F8229CB619D0050B4FA = {
						CreatedOnToolsVersion = 14.1;
					};
					5AF78F9329CB619F0050B4FA = {
						CreatedOnToolsVersion = 14.1;
						TestTargetID = 5AF78F8229CB619D0050B4FA;
					};
					5AF78F9D29CB619F0050B4FA = {
						CreatedOnToolsVersion = 14.1;
						TestTargetID = 5AF78F8229CB619D0050B4FA;
					};
				};
			};
			buildConfigurationList = 5AF78F7E29CB619D0050B4FA /* Build configuration list for PBXProject "habits" */;
			compatibilityVersion = "Xcode 14.0";
			developmentRegion = en;
			hasScannedForEncodings = 0;
			knownRegions = (
				en,
				Base,
			);
			mainGroup = 5AF78F7A29CB619D0050B4FA;
			productRefGroup = 5AF78F8429CB619D0050B4FA /* Products */;
			projectDirPath = "";
			projectRoot = "";
			targets = (
				5AF78F8229CB619D0050B4FA /* habits */,
				5AF78F9329CB619F0050B4FA /* habitsTests */,
				5AF78F9D29CB619F0050B4FA /* habitsUITests */,
			);
		};
/* End PBXProject section */

/* Begin PBXResourcesBuildPhase section */
		5AF78F8129CB619D0050B4FA /* Resources */ = {
			isa = PBXResourcesBuildPhase;
			buildActionMask = 2147483647;
			files = (
				5AF78F8F29CB619E0050B4FA /* Preview Assets.xcassets in Resources */,
				5AF78F8B29CB619E0050B4FA /* Assets.xcassets in Resources */,
			);
			runOnlyForDeploymentPostprocessing = 0;
		};
		5AF78F9229CB619F0050B4FA /* Resources */ = {
			isa = PBXResourcesBuildPhase;
			buildActionMask = 2147483647;
			files = (
			);
			runOnlyForDeploymentPostprocessing = 0;
		};
		5AF78F9C29CB619F0050B4FA /* Resources */ = {
			isa = PBXResourcesBuildPhase;
			buildActionMask = 2147483647;
			files = (
			);
			runOnlyForDeploymentPostprocessing = 0;
		};
/* End PBXResourcesBuildPhase section */

/* Begin PBXSourcesBuildPhase section */
		5AF78F7F29CB619D0050B4FA /* Sources */ = {
			isa = PBXSourcesBuildPhase;
			buildActionMask = 2147483647;
			files = (
				5AF78FEC29CBC18B0050B4FA /* HabitsApp.swift in Sources */,
				5AF78FF029CC9E440050B4FA /* HabitsData.swift in Sources */,
				5AF78FEA29CBC1150050B4FA /* TabBarController.swift in Sources */,
				5AF78FEE29CBC26B0050B4FA /* CalendarView.swift in Sources */,
				5AF78F8929CB619D0050B4FA /* ContentView.swift in Sources */,
			);
			runOnlyForDeploymentPostprocessing = 0;
		};
		5AF78F9029CB619F0050B4FA /* Sources */ = {
			isa = PBXSourcesBuildPhase;
			buildActionMask = 2147483647;
			files = (
				5AF78F9929CB619F0050B4FA /* habitsTests.swift in Sources */,
			);
			runOnlyForDeploymentPostprocessing = 0;
		};
		5AF78F9A29CB619F0050B4FA /* Sources */ = {
			isa = PBXSourcesBuildPhase;
			buildActionMask = 2147483647;
			files = (
				5AF78FA329CB619F0050B4FA /* habitsUITests.swift in Sources */,
				5AF78FA529CB619F0050B4FA /* habitsUITestsLaunchTests.swift in Sources */,
			);
			runOnlyForDeploymentPostprocessing = 0;
		};
/* End PBXSourcesBuildPhase section */

/* Begin PBXTargetDependency section */
		5AF78F9629CB619F0050B4FA /* PBXTargetDependency */ = {
			isa = PBXTargetDependency;
			target = 5AF78F8229CB619D0050B4FA /* habits */;
			targetProxy = 5AF78F9529CB619F0050B4FA /* PBXContainerItemProxy */;
		};
		5AF78FA029CB619F0050B4FA /* PBXTargetDependency */ = {
			isa = PBXTargetDependency;
			target = 5AF78F8229CB619D0050B4FA /* habits */;
			targetProxy = 5AF78F9F29CB619F0050B4FA /* PBXContainerItemProxy */;
		};
/* End PBXTargetDependency section */

/* Begin XCBuildConfiguration section */
		5AF78FA629CB619F0050B4FA /* Debug */ = {
			isa = XCBuildConfiguration;
			buildSettings = {
				ALWAYS_SEARCH_USER_PATHS = NO;
				CLANG_ANALYZER_NONNULL = YES;
				CLANG_ANALYZER_NUMBER_OBJECT_CONVERSION = YES_AGGRESSIVE;
				CLANG_CXX_LANGUAGE_STANDARD = "gnu++20";
				CLANG_ENABLE_MODULES = YES;
				CLANG_ENABLE_OBJC_ARC = YES;
				CLANG_ENABLE_OBJC_WEAK = YES;
				CLANG_WARN_BLOCK_CAPTURE_AUTORELEASING = YES;
				CLANG_WARN_BOOL_CONVERSION = YES;
				CLANG_WARN_COMMA = YES;
				CLANG_WARN_CONSTANT_CONVERSION = YES;
				CLANG_WARN_DEPRECATED_OBJC_IMPLEMENTATIONS = YES;
				CLANG_WARN_DIRECT_OBJC_ISA_USAGE = YES_ERROR;
				CLANG_WARN_DOCUMENTATION_COMMENTS = YES;
				CLANG_WARN_EMPTY_BODY = YES;
				CLANG_WARN_ENUM_CONVERSION = YES;
				CLANG_WARN_INFINITE_RECURSION = YES;
				CLANG_WARN_INT_CONVERSION = YES;
				CLANG_WARN_NON_LITERAL_NULL_CONVERSION = YES;
				CLANG_WARN_OBJC_IMPLICIT_RETAIN_SELF = YES;
				CLANG_WARN_OBJC_LITERAL_CONVERSION = YES;
				CLANG_WARN_OBJC_ROOT_CLASS = YES_ERROR;
				CLANG_WARN_QUOTED_INCLUDE_IN_FRAMEWORK_HEADER = YES;
				CLANG_WARN_RANGE_LOOP_ANALYSIS = YES;
				CLANG_WARN_STRICT_PROTOTYPES = YES;
				CLANG_WARN_SUSPICIOUS_MOVE = YES;
				CLANG_WARN_UNGUARDED_AVAILABILITY = YES_AGGRESSIVE;
				CLANG_WARN_UNREACHABLE_CODE = YES;
				CLANG_WARN__DUPLICATE_METHOD_MATCH = YES;
				COPY_PHASE_STRIP = NO;
				DEBUG_INFORMATION_FORMAT = dwarf;
				ENABLE_STRICT_OBJC_MSGSEND = YES;
				ENABLE_TESTABILITY = YES;
				GCC_C_LANGUAGE_STANDARD = gnu11;
				GCC_DYNAMIC_NO_PIC = NO;
				GCC_NO_COMMON_BLOCKS = YES;
				GCC_OPTIMIZATION_LEVEL = 0;
				GCC_PREPROCESSOR_DEFINITIONS = (
					"DEBUG=1",
					"$(inherited)",
				);
				GCC_WARN_64_TO_32_BIT_CONVERSION = YES;
				GCC_WARN_ABOUT_RETURN_TYPE = YES_ERROR;
				GCC_WARN_UNDECLARED_SELECTOR = YES;
				GCC_WARN_UNINITIALIZED_AUTOS = YES_AGGRESSIVE;
				GCC_WARN_UNUSED_FUNCTION = YES;
				GCC_WARN_UNUSED_VARIABLE = YES;
				MTL_ENABLE_DEBUG_INFO = INCLUDE_SOURCE;
				MTL_FAST_MATH = YES;
				ONLY_ACTIVE_ARCH = YES;
				SWIFT_ACTIVE_COMPILATION_CONDITIONS = DEBUG;
				SWIFT_OPTIMIZATION_LEVEL = "-Onone";
			};
			name = Debug;
		};
		5AF78FA729CB619F0050B4FA /* Release */ = {
			isa = XCBuildConfiguration;
			buildSettings = {
				ALWAYS_SEARCH_USER_PATHS = NO;
				CLANG_ANALYZER_NONNULL = YES;
				CLANG_ANALYZER_NUMBER_OBJECT_CONVERSION = YES_AGGRESSIVE;
				CLANG_CXX_LANGUAGE_STANDARD = "gnu++20";
				CLANG_ENABLE_MODULES = YES;
				CLANG_ENABLE_OBJC_ARC = YES;
				CLANG_ENABLE_OBJC_WEAK = YES;
				CLANG_WARN_BLOCK_CAPTURE_AUTORELEASING = YES;
				CLANG_WARN_BOOL_CONVERSION = YES;
				CLANG_WARN_COMMA = YES;
				CLANG_WARN_CONSTANT_CONVERSION = YES;
				CLANG_WARN_DEPRECATED_OBJC_IMPLEMENTATIONS = YES;
				CLANG_WARN_DIRECT_OBJC_ISA_USAGE = YES_ERROR;
				CLANG_WARN_DOCUMENTATION_COMMENTS = YES;
				CLANG_WARN_EMPTY_BODY = YES;
				CLANG_WARN_ENUM_CONVERSION = YES;
				CLANG_WARN_INFINITE_RECURSION = YES;
				CLANG_WARN_INT_CONVERSION = YES;
				CLANG_WARN_NON_LITERAL_NULL_CONVERSION = YES;
				CLANG_WARN_OBJC_IMPLICIT_RETAIN_SELF = YES;
				CLANG_WARN_OBJC_LITERAL_CONVERSION = YES;
				CLANG_WARN_OBJC_ROOT_CLASS = YES_ERROR;
				CLANG_WARN_QUOTED_INCLUDE_IN_FRAMEWORK_HEADER = YES;
				CLANG_WARN_RANGE_LOOP_ANALYSIS = YES;
				CLANG_WARN_STRICT_PROTOTYPES = YES;
				CLANG_WARN_SUSPICIOUS_MOVE = YES;
				CLANG_WARN_UNGUARDED_AVAILABILITY = YES_AGGRESSIVE;
				CLANG_WARN_UNREACHABLE_CODE = YES;
				CLANG_WARN__DUPLICATE_METHOD_MATCH = YES;
				COPY_PHASE_STRIP = NO;
				DEBUG_INFORMATION_FORMAT = "dwarf-with-dsym";
				ENABLE_NS_ASSERTIONS = NO;
				ENABLE_STRICT_OBJC_MSGSEND = YES;
				GCC_C_LANGUAGE_STANDARD = gnu11;
				GCC_NO_COMMON_BLOCKS = YES;
				GCC_WARN_64_TO_32_BIT_CONVERSION = YES;
				GCC_WARN_ABOUT_RETURN_TYPE = YES_ERROR;
				GCC_WARN_UNDECLARED_SELECTOR = YES;
				GCC_WARN_UNINITIALIZED_AUTOS = YES_AGGRESSIVE;
				GCC_WARN_UNUSED_FUNCTION = YES;
				GCC_WARN_UNUSED_VARIABLE = YES;
				MTL_ENABLE_DEBUG_INFO = NO;
				MTL_FAST_MATH = YES;
				SWIFT_COMPILATION_MODE = wholemodule;
				SWIFT_OPTIMIZATION_LEVEL = "-O";
			};
			name = Release;
		};
		5AF78FA929CB619F0050B4FA /* Debug */ = {
			isa = XCBuildConfiguration;
			buildSettings = {
				ASSETCATALOG_COMPILER_APPICON_NAME = AppIcon;
				ASSETCATALOG_COMPILER_GLOBAL_ACCENT_COLOR_NAME = AccentColor;
				CODE_SIGN_ENTITLEMENTS = habits/habits.entitlements;
				CODE_SIGN_STYLE = Automatic;
				CURRENT_PROJECT_VERSION = 1;
				DEVELOPMENT_ASSET_PATHS = "\"habits/Preview Content\"";
				DEVELOPMENT_TEAM = 73YKKVB846;
				ENABLE_HARDENED_RUNTIME = YES;
				ENABLE_PREVIEWS = YES;
				GENERATE_INFOPLIST_FILE = YES;
				"INFOPLIST_KEY_UIApplicationSceneManifest_Generation[sdk=iphoneos*]" = YES;
				"INFOPLIST_KEY_UIApplicationSceneManifest_Generation[sdk=iphonesimulator*]" = YES;
				"INFOPLIST_KEY_UIApplicationSupportsIndirectInputEvents[sdk=iphoneos*]" = YES;
				"INFOPLIST_KEY_UIApplicationSupportsIndirectInputEvents[sdk=iphonesimulator*]" = YES;
				"INFOPLIST_KEY_UILaunchScreen_Generation[sdk=iphoneos*]" = YES;
				"INFOPLIST_KEY_UILaunchScreen_Generation[sdk=iphonesimulator*]" = YES;
				"INFOPLIST_KEY_UIStatusBarStyle[sdk=iphoneos*]" = UIStatusBarStyleDefault;
				"INFOPLIST_KEY_UIStatusBarStyle[sdk=iphonesimulator*]" = UIStatusBarStyleDefault;
				INFOPLIST_KEY_UISupportedInterfaceOrientations_iPad = "UIInterfaceOrientationPortrait UIInterfaceOrientationPortraitUpsideDown UIInterfaceOrientationLandscapeLeft UIInterfaceOrientationLandscapeRight";
				INFOPLIST_KEY_UISupportedInterfaceOrientations_iPhone = "UIInterfaceOrientationPortrait UIInterfaceOrientationLandscapeLeft UIInterfaceOrientationLandscapeRight";
				IPHONEOS_DEPLOYMENT_TARGET = 16.1;
				LD_RUNPATH_SEARCH_PATHS = "@executable_path/Frameworks";
				"LD_RUNPATH_SEARCH_PATHS[sdk=macosx*]" = "@executable_path/../Frameworks";
				MACOSX_DEPLOYMENT_TARGET = 13.0;
				MARKETING_VERSION = 1.0;
				PRODUCT_BUNDLE_IDENTIFIER = app.habits;
				PRODUCT_NAME = "$(TARGET_NAME)";
				SDKROOT = auto;
				SUPPORTED_PLATFORMS = "iphoneos iphonesimulator macosx";
				SWIFT_EMIT_LOC_STRINGS = YES;
				SWIFT_VERSION = 5.0;
				TARGETED_DEVICE_FAMILY = "1,2";
			};
			name = Debug;
		};
		5AF78FAA29CB619F0050B4FA /* Release */ = {
			isa = XCBuildConfiguration;
			buildSettings = {
				ASSETCATALOG_COMPILER_APPICON_NAME = AppIcon;
				ASSETCATALOG_COMPILER_GLOBAL_ACCENT_COLOR_NAME = AccentColor;
				CODE_SIGN_ENTITLEMENTS = habits/habits.entitlements;
				CODE_SIGN_STYLE = Automatic;
				CURRENT_PROJECT_VERSION = 1;
				DEVELOPMENT_ASSET_PATHS = "\"habits/Preview Content\"";
				DEVELOPMENT_TEAM = 73YKKVB846;
				ENABLE_HARDENED_RUNTIME = YES;
				ENABLE_PREVIEWS = YES;
				GENERATE_INFOPLIST_FILE = YES;
				"INFOPLIST_KEY_UIApplicationSceneManifest_Generation[sdk=iphoneos*]" = YES;
				"INFOPLIST_KEY_UIApplicationSceneManifest_Generation[sdk=iphonesimulator*]" = YES;
				"INFOPLIST_KEY_UIApplicationSupportsIndirectInputEvents[sdk=iphoneos*]" = YES;
				"INFOPLIST_KEY_UIApplicationSupportsIndirectInputEvents[sdk=iphonesimulator*]" = YES;
				"INFOPLIST_KEY_UILaunchScreen_Generation[sdk=iphoneos*]" = YES;
				"INFOPLIST_KEY_UILaunchScreen_Generation[sdk=iphonesimulator*]" = YES;
				"INFOPLIST_KEY_UIStatusBarStyle[sdk=iphoneos*]" = UIStatusBarStyleDefault;
				"INFOPLIST_KEY_UIStatusBarStyle[sdk=iphonesimulator*]" = UIStatusBarStyleDefault;
				INFOPLIST_KEY_UISupportedInterfaceOrientations_iPad = "UIInterfaceOrientationPortrait UIInterfaceOrientationPortraitUpsideDown UIInterfaceOrientationLandscapeLeft UIInterfaceOrientationLandscapeRight";
				INFOPLIST_KEY_UISupportedInterfaceOrientations_iPhone = "UIInterfaceOrientationPortrait UIInterfaceOrientationLandscapeLeft UIInterfaceOrientationLandscapeRight";
				IPHONEOS_DEPLOYMENT_TARGET = 16.1;
				LD_RUNPATH_SEARCH_PATHS = "@executable_path/Frameworks";
				"LD_RUNPATH_SEARCH_PATHS[sdk=macosx*]" = "@executable_path/../Frameworks";
				MACOSX_DEPLOYMENT_TARGET = 13.0;
				MARKETING_VERSION = 1.0;
				PRODUCT_BUNDLE_IDENTIFIER = app.habits;
				PRODUCT_NAME = "$(TARGET_NAME)";
				SDKROOT = auto;
				SUPPORTED_PLATFORMS = "iphoneos iphonesimulator macosx";
				SWIFT_EMIT_LOC_STRINGS = YES;
				SWIFT_VERSION = 5.0;
				TARGETED_DEVICE_FAMILY = "1,2";
			};
			name = Release;
		};
		5AF78FAC29CB619F0050B4FA /* Debug */ = {
			isa = XCBuildConfiguration;
			buildSettings = {
				ALWAYS_EMBED_SWIFT_STANDARD_LIBRARIES = YES;
				BUNDLE_LOADER = "$(TEST_HOST)";
				CODE_SIGN_STYLE = Automatic;
				CURRENT_PROJECT_VERSION = 1;
				DEVELOPMENT_TEAM = 73YKKVB846;
				GENERATE_INFOPLIST_FILE = YES;
				IPHONEOS_DEPLOYMENT_TARGET = 16.1;
				MACOSX_DEPLOYMENT_TARGET = 13.0;
				MARKETING_VERSION = 1.0;
				PRODUCT_BUNDLE_IDENTIFIER = app.habitsTests;
				PRODUCT_NAME = "$(TARGET_NAME)";
				SDKROOT = auto;
				SUPPORTED_PLATFORMS = "iphoneos iphonesimulator macosx";
				SWIFT_EMIT_LOC_STRINGS = NO;
				SWIFT_VERSION = 5.0;
				TARGETED_DEVICE_FAMILY = "1,2";
				TEST_HOST = "$(BUILT_PRODUCTS_DIR)/habits.app/$(BUNDLE_EXECUTABLE_FOLDER_PATH)/habits";
			};
			name = Debug;
		};
		5AF78FAD29CB619F0050B4FA /* Release */ = {
			isa = XCBuildConfiguration;
			buildSettings = {
				ALWAYS_EMBED_SWIFT_STANDARD_LIBRARIES = YES;
				BUNDLE_LOADER = "$(TEST_HOST)";
				CODE_SIGN_STYLE = Automatic;
				CURRENT_PROJECT_VERSION = 1;
				DEVELOPMENT_TEAM = 73YKKVB846;
				GENERATE_INFOPLIST_FILE = YES;
				IPHONEOS_DEPLOYMENT_TARGET = 16.1;
				MACOSX_DEPLOYMENT_TARGET = 13.0;
				MARKETING_VERSION = 1.0;
				PRODUCT_BUNDLE_IDENTIFIER = app.habitsTests;
				PRODUCT_NAME = "$(TARGET_NAME)";
				SDKROOT = auto;
				SUPPORTED_PLATFORMS = "iphoneos iphonesimulator macosx";
				SWIFT_EMIT_LOC_STRINGS = NO;
				SWIFT_VERSION = 5.0;
				TARGETED_DEVICE_FAMILY = "1,2";
				TEST_HOST = "$(BUILT_PRODUCTS_DIR)/habits.app/$(BUNDLE_EXECUTABLE_FOLDER_PATH)/habits";
			};
			name = Release;
		};
		5AF78FAF29CB619F0050B4FA /* Debug */ = {
			isa = XCBuildConfiguration;
			buildSettings = {
				ALWAYS_EMBED_SWIFT_STANDARD_LIBRARIES = YES;
				CODE_SIGN_STYLE = Automatic;
				CURRENT_PROJECT_VERSION = 1;
				DEVELOPMENT_TEAM = 73YKKVB846;
				GENERATE_INFOPLIST_FILE = YES;
				IPHONEOS_DEPLOYMENT_TARGET = 16.1;
				MACOSX_DEPLOYMENT_TARGET = 13.0;
				MARKETING_VERSION = 1.0;
				PRODUCT_BUNDLE_IDENTIFIER = app.habitsUITests;
				PRODUCT_NAME = "$(TARGET_NAME)";
				SDKROOT = auto;
				SUPPORTED_PLATFORMS = "iphoneos iphonesimulator macosx";
				SWIFT_EMIT_LOC_STRINGS = NO;
				SWIFT_VERSION = 5.0;
				TARGETED_DEVICE_FAMILY = "1,2";
				TEST_TARGET_NAME = habits;
			};
			name = Debug;
		};
		5AF78FB029CB619F0050B4FA /* Release */ = {
			isa = XCBuildConfiguration;
			buildSettings = {
				ALWAYS_EMBED_SWIFT_STANDARD_LIBRARIES = YES;
				CODE_SIGN_STYLE = Automatic;
				CURRENT_PROJECT_VERSION = 1;
				DEVELOPMENT_TEAM = 73YKKVB846;
				GENERATE_INFOPLIST_FILE = YES;
				IPHONEOS_DEPLOYMENT_TARGET = 16.1;
				MACOSX_DEPLOYMENT_TARGET = 13.0;
				MARKETING_VERSION = 1.0;
				PRODUCT_BUNDLE_IDENTIFIER = app.habitsUITests;
				PRODUCT_NAME = "$(TARGET_NAME)";
				SDKROOT = auto;
				SUPPORTED_PLATFORMS = "iphoneos iphonesimulator macosx";
				SWIFT_EMIT_LOC_STRINGS = NO;
				SWIFT_VERSION = 5.0;
				TARGETED_DEVICE_FAMILY = "1,2";
				TEST_TARGET_NAME = habits;
			};
			name = Release;
		};
/* End XCBuildConfiguration section */

/* Begin XCConfigurationList section */
		5AF78F7E29CB619D0050B4FA /* Build configuration list for PBXProject "habits" */ = {
			isa = XCConfigurationList;
			buildConfigurations = (
				5AF78FA629CB619F0050B4FA /* Debug */,
				5AF78FA729CB619F0050B4FA /* Release */,
			);
			defaultConfigurationIsVisible = 0;
			defaultConfigurationName = Release;
		};
		5AF78FA829CB619F0050B4FA /* Build configuration list for PBXNativeTarget "habits" */ = {
			isa = XCConfigurationList;
			buildConfigurations = (
				5AF78FA929CB619F0050B4FA /* Debug */,
				5AF78FAA29CB619F0050B4FA /* Release */,
			);
			defaultConfigurationIsVisible = 0;
			defaultConfigurationName = Release;
		};
		5AF78FAB29CB619F0050B4FA /* Build configuration list for PBXNativeTarget "habitsTests" */ = {
			isa = XCConfigurationList;
			buildConfigurations = (
				5AF78FAC29CB619F0050B4FA /* Debug */,
				5AF78FAD29CB619F0050B4FA /* Release */,
			);
			defaultConfigurationIsVisible = 0;
			defaultConfigurationName = Release;
		};
		5AF78FAE29CB619F0050B4FA /* Build configuration list for PBXNativeTarget "habitsUITests" */ = {
			isa = XCConfigurationList;
			buildConfigurations = (
				5AF78FAF29CB619F0050B4FA /* Debug */,
				5AF78FB029CB619F0050B4FA /* Release */,
			);
			defaultConfigurationIsVisible = 0;
			defaultConfigurationName = Release;
		};
/* End XCConfigurationList section */
	};
	rootObject = 5AF78F7B29CB619D0050B4FA /* Project object */;
}
